
Microsoft Visual Studio Solution File, Format Version 12.00
# Visual Studio Version 17
VisualStudioVersion = 17.7.34018.315
MinimumVisualStudioVersion = 10.0.40219.1
Project("{FAE04EC0-301F-11D3-BF4B-00C04F79EFBC}") = "lambda2", "lambda2\lambda2.csproj", "{A578EE5B-950C-431E-B60D-5FD9B193929E}"
EndProject
Global
	GlobalSection(SolutionConfigurationPlatforms) = preSolution
		Debug|Any CPU = Debug|Any CPU
		Release|Any CPU = Release|Any CPU
	EndGlobalSection
	GlobalSection(ProjectConfigurationPlatforms) = postSolution
		{A578EE5B-950C-431E-B60D-5FD9B193929E}.Debug|Any CPU.ActiveCfg = Debug|Any CPU
		{A578EE5B-950C-431E-B60D-5FD9B193929E}.Debug|Any CPU.Build.0 = Debug|Any CPU
		{A578EE5B-950C-431E-B60D-5FD9B193929E}.Release|Any CPU.ActiveCfg = Release|Any CPU
		{A578EE5B-950C-431E-B60D-5FD9B193929E}.Release|Any CPU.Build.0 = Release|Any CPU
	EndGlobalSection
	GlobalSection(SolutionProperties) = preSolution
		HideSolutionNode = FALSE
	EndGlobalSection
	GlobalSection(ExtensibilityGlobals) = postSolution
		SolutionGuid = {F44548F6-CE36-4EA4-9E71-9894A21963DE}
	EndGlobalSection
EndGlobal
